
Microsoft Visual Studio Solution File, Format Version 12.00
# Visual Studio Version 17
VisualStudioVersion = 17.14.36414.22
MinimumVisualStudioVersion = 10.0.40219.1
Project("{FAE04EC0-301F-11D3-BF4B-00C04F79EFBC}") = "WebviewFileSelect", "WebviewFileSelect\WebviewFileSelect.csproj", "{06558B4C-9E8D-4270-8FBC-37C0456B971C}"
EndProject
Global
	GlobalSection(SolutionConfigurationPlatforms) = preSolution
		Debug|Any CPU = Debug|Any CPU
		Release|Any CPU = Release|Any CPU
	EndGlobalSection
	GlobalSection(ProjectConfigurationPlatforms) = postSolution
		{06558B4C-9E8D-4270-8FBC-37C0456B971C}.Debug|Any CPU.ActiveCfg = Debug|Any CPU
		{06558B4C-9E8D-4270-8FBC-37C0456B971C}.Debug|Any CPU.Build.0 = Debug|Any CPU
		{06558B4C-9E8D-4270-8FBC-37C0456B971C}.Debug|Any CPU.Deploy.0 = Debug|Any CPU
		{06558B4C-9E8D-4270-8FBC-37C0456B971C}.Release|Any CPU.ActiveCfg = Release|Any CPU
		{06558B4C-9E8D-4270-8FBC-37C0456B971C}.Release|Any CPU.Build.0 = Release|Any CPU
	EndGlobalSection
	GlobalSection(SolutionProperties) = preSolution
		HideSolutionNode = FALSE
	EndGlobalSection
	GlobalSection(ExtensibilityGlobals) = postSolution
		SolutionGuid = {7DD2BA73-F116-43B7-9A52-8D242576054F}
	EndGlobalSection
EndGlobal
